
Microsoft Visual Studio Solution File, Format Version 12.00
# Visual Studio 15
VisualStudioVersion = 15.0.27130.2027
MinimumVisualStudioVersion = 10.0.40219.1
Project("{FAE04EC0-301F-11D3-BF4B-00C04F79EFBC}") = "ConsoleApp1", "ConsoleApp1\ConsoleApp1.csproj", "{18D36C03-51F4-4E90-9F81-D9FA456A4712}"
EndProject
Global
	GlobalSection(SolutionConfigurationPlatforms) = preSolution
		Debug|Any CPU = Debug|Any CPU
		Release|Any CPU = Release|Any CPU
	EndGlobalSection
	GlobalSection(ProjectConfigurationPlatforms) = postSolution
		{18D36C03-51F4-4E90-9F81-D9FA456A4712}.Debug|Any CPU.ActiveCfg = Debug|Any CPU
		{18D36C03-51F4-4E90-9F81-D9FA456A4712}.Debug|Any CPU.Build.0 = Debug|Any CPU
		{18D36C03-51F4-4E90-9F81-D9FA456A4712}.Release|Any CPU.ActiveCfg = Release|Any CPU
		{18D36C03-51F4-4E90-9F81-D9FA456A4712}.Release|Any CPU.Build.0 = Release|Any CPU
	EndGlobalSection
	GlobalSection(SolutionProperties) = preSolution
		HideSolutionNode = FALSE
	EndGlobalSection
	GlobalSection(ExtensibilityGlobals) = postSolution
		SolutionGuid = {28A147E6-AFA3-4065-AC2E-ABEBCE7674A3}
	EndGlobalSection
EndGlobal
